# THIS IS AN AUTOGENERATED FILE. DO NOT EDIT THIS FILE DIRECTLY.
# yarn lockfile v1


"@babel/runtime@^7.3.1", "@babel/runtime@^7.8.3":
  version "7.21.0"
  resolved "https://registry.yarnpkg.com/@babel/runtime/-/runtime-7.21.0.tgz#5b55c9d394e5fcf304909a8b00c07dc217b56673"
  integrity sha512-xwII0//EObnq89Ji5AKYQaRYiW/nZ3llSv29d49IuxPhKbtJoLP+9QUUZ4nVragQVtaVGeZrpB+ZtG/Pdy/POw==
  dependencies:
    regenerator-runtime "^0.13.11"

"@emotion/is-prop-valid@^0.7.3":
  version "0.7.3"
  resolved "https://registry.yarnpkg.com/@emotion/is-prop-valid/-/is-prop-valid-0.7.3.tgz#a6bf4fa5387cbba59d44e698a4680f481a8da6cc"
  integrity sha512-uxJqm/sqwXw3YPA5GXX365OBcJGFtxUVkB6WyezqFHlNe9jqUWH5ur2O2M8dGBz61kn1g3ZBlzUunFQXQIClhA==
  dependencies:
    "@emotion/memoize" "0.7.1"

"@emotion/memoize@0.7.1":
  version "0.7.1"
  resolved "https://registry.yarnpkg.com/@emotion/memoize/-/memoize-0.7.1.tgz#e93c13942592cf5ef01aa8297444dc192beee52f"
  integrity sha512-Qv4LTqO11jepd5Qmlp3M1YEjBumoTHcHFdgPTQ+sFlIL5myi/7xu/POwP7IRu6odBdmLXdtIs1D6TuW6kbwbbg==

css-jss@10.10.0:
  version "10.10.0"
  resolved "https://registry.yarnpkg.com/css-jss/-/css-jss-10.10.0.tgz#bd51fbd255cc24597ac0f0f32368394794d37ef3"
  integrity sha512-YyMIS/LsSKEGXEaVJdjonWe18p4vXLo8CMA4FrW/kcaEyqdIGKCFXao31gbJddXEdIxSXFFURWrenBJPlKTgAA==
  dependencies:
    "@babel/runtime" "^7.3.1"
    jss "^10.10.0"
    jss-preset-default "^10.10.0"

css-vendor@^2.0.8:
  version "2.0.8"
  resolved "https://registry.yarnpkg.com/css-vendor/-/css-vendor-2.0.8.tgz#e47f91d3bd3117d49180a3c935e62e3d9f7f449d"
  integrity sha512-x9Aq0XTInxrkuFeHKbYC7zWY8ai7qJ04Kxd9MnvbC1uO5DagxoHQjm4JvG+vCdXOoFtCjbL2XSZfxmoYa9uQVQ==
  dependencies:
    "@babel/runtime" "^7.8.3"
    is-in-browser "^1.0.2"

csstype@^3.0.2:
  version "3.1.1"
  resolved "https://registry.yarnpkg.com/csstype/-/csstype-3.1.1.tgz#841b532c45c758ee546a11d5bd7b7b473c8c30b9"
  integrity sha512-DJR/VvkAvSZW9bTouZue2sSxDwdTN92uHjqeKVm+0dAqdfNykRzQ95tay8aXMBAAPpUiq4Qcug2L7neoRh2Egw==

hoist-non-react-statics@^3.2.0, hoist-non-react-statics@^3.3.0:
  version "3.3.2"
  resolved "https://registry.yarnpkg.com/hoist-non-react-statics/-/hoist-non-react-statics-3.3.2.tgz#ece0acaf71d62c2969c2ec59feff42a4b1a85b45"
  integrity sha512-/gGivxi8JPKWNm/W0jSmzcMPpfpPLc3dY/6GxhX2hQ9iGj3aDfklV4ET7NjKpSinLpJ5vafa9iiGIEZg10SfBw==
  dependencies:
    react-is "^16.7.0"

hyphenate-style-name@^1.0.3:
  version "1.0.4"
  resolved "https://registry.yarnpkg.com/hyphenate-style-name/-/hyphenate-style-name-1.0.4.tgz#691879af8e220aea5750e8827db4ef62a54e361d"
  integrity sha512-ygGZLjmXfPHj+ZWh6LwbC37l43MhfztxetbFCoYTM2VjkIUpeHgSNn7QIyVFj7YQ1Wl9Cbw5sholVJPzWvC2MQ==

is-in-browser@^1.0.2, is-in-browser@^1.1.3:
  version "1.1.3"
  resolved "https://registry.yarnpkg.com/is-in-browser/-/is-in-browser-1.1.3.tgz#56ff4db683a078c6082eb95dad7dc62e1d04f835"
  integrity sha512-FeXIBgG/CPGd/WUxuEyvgGTEfwiG9Z4EKGxjNMRqviiIIfsmgrpnHLffEDdwUHqNva1VEW91o3xBT/m8Elgl9g==

"js-tokens@^3.0.0 || ^4.0.0":
  version "4.0.0"
  resolved "https://registry.yarnpkg.com/js-tokens/-/js-tokens-4.0.0.tgz#19203fb59991df98e3a287050d4647cdeaf32499"
  integrity sha512-RdJUflcE3cUzKiMqQgsCu06FPu9UdIJO0beYbPhHN4k6apgJtifcoCtT9bcxOpYBtpD2kCM6Sbzg4CausW/PKQ==

jss-plugin-camel-case@10.10.0:
  version "10.10.0"
  resolved "https://registry.yarnpkg.com/jss-plugin-camel-case/-/jss-plugin-camel-case-10.10.0.tgz#27ea159bab67eb4837fa0260204eb7925d4daa1c"
  integrity sha512-z+HETfj5IYgFxh1wJnUAU8jByI48ED+v0fuTuhKrPR+pRBYS2EDwbusU8aFOpCdYhtRc9zhN+PJ7iNE8pAWyPw==
  dependencies:
    "@babel/runtime" "^7.3.1"
    hyphenate-style-name "^1.0.3"
    jss "10.10.0"

jss-plugin-compose@10.10.0:
  version "10.10.0"
  resolved "https://registry.yarnpkg.com/jss-plugin-compose/-/jss-plugin-compose-10.10.0.tgz#00d7a79adf7fcfe4927a792febdf0deceb0a7cd2"
  integrity sha512-F5kgtWpI2XfZ3Z8eP78tZEYFdgTIbpA/TMuX3a8vwrNolYtN1N4qJR/Ob0LAsqIwCMLojtxN7c7Oo/+Vz6THow==
  dependencies:
    "@babel/runtime" "^7.3.1"
    jss "10.10.0"
    tiny-warning "^1.0.2"

jss-plugin-default-unit@10.10.0:
  version "10.10.0"
  resolved "https://registry.yarnpkg.com/jss-plugin-default-unit/-/jss-plugin-default-unit-10.10.0.tgz#db3925cf6a07f8e1dd459549d9c8aadff9804293"
  integrity sha512-SvpajxIECi4JDUbGLefvNckmI+c2VWmP43qnEy/0eiwzRUsafg5DVSIWSzZe4d2vFX1u9nRDP46WCFV/PXVBGQ==
  dependencies:
    "@babel/runtime" "^7.3.1"
    jss "10.10.0"

jss-plugin-expand@10.10.0:
  version "10.10.0"
  resolved "https://registry.yarnpkg.com/jss-plugin-expand/-/jss-plugin-expand-10.10.0.tgz#5debd80554174ca2d9b9e38d85d4cb6f3e0393ab"
  integrity sha512-ymT62W2OyDxBxr7A6JR87vVX9vTq2ep5jZLIdUSusfBIEENLdkkc0lL/Xaq8W9s3opUq7R0sZQpzRWELrfVYzA==
  dependencies:
    "@babel/runtime" "^7.3.1"
    jss "10.10.0"

jss-plugin-extend@10.10.0:
  version "10.10.0"
  resolved "https://registry.yarnpkg.com/jss-plugin-extend/-/jss-plugin-extend-10.10.0.tgz#94eb450847a8941777e77ea4533a579c1c578430"
  integrity sha512-sKYrcMfr4xxigmIwqTjxNcHwXJIfvhvjTNxF+Tbc1NmNdyspGW47Ey6sGH8BcQ4FFQhLXctpWCQSpDwdNmXSwg==
  dependencies:
    "@babel/runtime" "^7.3.1"
    jss "10.10.0"
    tiny-warning "^1.0.2"

jss-plugin-global@10.10.0:
  version "10.10.0"
  resolved "https://registry.yarnpkg.com/jss-plugin-global/-/jss-plugin-global-10.10.0.tgz#1c55d3c35821fab67a538a38918292fc9c567efd"
  integrity sha512-icXEYbMufiNuWfuazLeN+BNJO16Ge88OcXU5ZDC2vLqElmMybA31Wi7lZ3lf+vgufRocvPj8443irhYRgWxP+A==
  dependencies:
    "@babel/runtime" "^7.3.1"
    jss "10.10.0"

jss-plugin-nested@10.10.0:
  version "10.10.0"
  resolved "https://registry.yarnpkg.com/jss-plugin-nested/-/jss-plugin-nested-10.10.0.tgz#db872ed8925688806e77f1fc87f6e62264513219"
  integrity sha512-9R4JHxxGgiZhurDo3q7LdIiDEgtA1bTGzAbhSPyIOWb7ZubrjQe8acwhEQ6OEKydzpl8XHMtTnEwHXCARLYqYA==
  dependencies:
    "@babel/runtime" "^7.3.1"
    jss "10.10.0"
    tiny-warning "^1.0.2"

jss-plugin-props-sort@10.10.0:
  version "10.10.0"
  resolved "https://registry.yarnpkg.com/jss-plugin-props-sort/-/jss-plugin-props-sort-10.10.0.tgz#67f4dd4c70830c126f4ec49b4b37ccddb680a5d7"
  integrity sha512-5VNJvQJbnq/vRfje6uZLe/FyaOpzP/IH1LP+0fr88QamVrGJa0hpRRyAa0ea4U/3LcorJfBFVyC4yN2QC73lJg==
  dependencies:
    "@babel/runtime" "^7.3.1"
    jss "10.10.0"

jss-plugin-rule-value-function@10.10.0:
  version "10.10.0"
  resolved "https://registry.yarnpkg.com/jss-plugin-rule-value-function/-/jss-plugin-rule-value-function-10.10.0.tgz#7d99e3229e78a3712f78ba50ab342e881d26a24b"
  integrity sha512-uEFJFgaCtkXeIPgki8ICw3Y7VMkL9GEan6SqmT9tqpwM+/t+hxfMUdU4wQ0MtOiMNWhwnckBV0IebrKcZM9C0g==
  dependencies:
    "@babel/runtime" "^7.3.1"
    jss "10.10.0"
    tiny-warning "^1.0.2"

jss-plugin-rule-value-observable@10.10.0:
  version "10.10.0"
  resolved "https://registry.yarnpkg.com/jss-plugin-rule-value-observable/-/jss-plugin-rule-value-observable-10.10.0.tgz#d17b28c4401156bbe4cd0c4a73a80aad70613e8b"
  integrity sha512-ZLMaYrR3QE+vD7nl3oNXuj79VZl9Kp8/u6A1IbTPDcuOu8b56cFdWRZNZ0vNr8jHewooEeq2doy8Oxtymr2ZPA==
  dependencies:
    "@babel/runtime" "^7.3.1"
    jss "10.10.0"
    symbol-observable "^1.2.0"

jss-plugin-template@10.10.0:
  version "10.10.0"
  resolved "https://registry.yarnpkg.com/jss-plugin-template/-/jss-plugin-template-10.10.0.tgz#072cda74a94c91b02d3a895d9e2408fd978ce033"
  integrity sha512-ocXZBIOJOA+jISPdsgkTs8wwpK6UbsvtZK5JI7VUggTD6LWKbtoxUzadd2TpfF+lEtlhUmMsCkTRNkITdPKa6w==
  dependencies:
    "@babel/runtime" "^7.3.1"
    jss "10.10.0"
    tiny-warning "^1.0.2"

jss-plugin-vendor-prefixer@10.10.0:
  version "10.10.0"
  resolved "https://registry.yarnpkg.com/jss-plugin-vendor-prefixer/-/jss-plugin-vendor-prefixer-10.10.0.tgz#c01428ef5a89f2b128ec0af87a314d0c767931c7"
  integrity sha512-UY/41WumgjW8r1qMCO8l1ARg7NHnfRVWRhZ2E2m0DMYsr2DD91qIXLyNhiX83hHswR7Wm4D+oDYNC1zWCJWtqg==
  dependencies:
    "@babel/runtime" "^7.3.1"
    css-vendor "^2.0.8"
    jss "10.10.0"

jss-preset-default@10.10.0, jss-preset-default@^10.10.0:
  version "10.10.0"
  resolved "https://registry.yarnpkg.com/jss-preset-default/-/jss-preset-default-10.10.0.tgz#c8209449a0f6d232526c2ba3a3a6ec69ee97e023"
  integrity sha512-GL175Wt2FGhjE+f+Y3aWh+JioL06/QWFgZp53CbNNq6ZkVU0TDplD8Bxm9KnkotAYn3FlplNqoW5CjyLXcoJ7Q==
  dependencies:
    "@babel/runtime" "^7.3.1"
    jss "10.10.0"
    jss-plugin-camel-case "10.10.0"
    jss-plugin-compose "10.10.0"
    jss-plugin-default-unit "10.10.0"
    jss-plugin-expand "10.10.0"
    jss-plugin-extend "10.10.0"
    jss-plugin-global "10.10.0"
    jss-plugin-nested "10.10.0"
    jss-plugin-props-sort "10.10.0"
    jss-plugin-rule-value-function "10.10.0"
    jss-plugin-rule-value-observable "10.10.0"
    jss-plugin-template "10.10.0"
    jss-plugin-vendor-prefixer "10.10.0"

jss@10.10.0, jss@^10.10.0:
  version "10.10.0"
  resolved "https://registry.yarnpkg.com/jss/-/jss-10.10.0.tgz#a75cc85b0108c7ac8c7b7d296c520a3e4fbc6ccc"
  integrity sha512-cqsOTS7jqPsPMjtKYDUpdFC0AbhYFLTcuGRqymgmdJIeQ8cH7+AgX7YSgQy79wXloZq2VvATYxUOUQEvS1V/Zw==
  dependencies:
    "@babel/runtime" "^7.3.1"
    csstype "^3.0.2"
    is-in-browser "^1.1.3"
    tiny-warning "^1.0.2"

lodash@^4.17.21:
  version "4.17.21"
  resolved "https://registry.yarnpkg.com/lodash/-/lodash-4.17.21.tgz#679591c564c3bffaae8454cf0b3df370c3d6911c"
  integrity sha512-v2kDEe57lecTulaDIuNTPy3Ry4gLGJ6Z1O3vE1krgXZNrsQ+LFTGHVxVjcXPs17LhbZVGedAJv8XZ1tvj5FvSg==

loose-envify@^1.4.0:
  version "1.4.0"
  resolved "https://registry.yarnpkg.com/loose-envify/-/loose-envify-1.4.0.tgz#71ee51fa7be4caec1a63839f7e682d8132d30caf"
  integrity sha512-lyuxPGr/Wfhrlem2CL/UcnUc1zcqKAImBDzukY7Y5F/yQiNdko6+fRLevlw1HgMySw7f611UIY408EtxRSoK3Q==
  dependencies:
    js-tokens "^3.0.0 || ^4.0.0"

object-assign@^4.1.1:
  version "4.1.1"
  resolved "https://registry.yarnpkg.com/object-assign/-/object-assign-4.1.1.tgz#2109adc7965887cfc05cbbd442cac8bfbb360863"
  integrity sha512-rJgTQnkUnH1sFw8yT6VSU3zD3sWmu6sZhIseY8VX+GRu3P6F7Fu+JNDoXfklElbLJSnc3FUQHVe4cU5hj+BcUg==

prop-types@^15.5.8, prop-types@^15.6.0:
  version "15.8.1"
  resolved "https://registry.yarnpkg.com/prop-types/-/prop-types-15.8.1.tgz#67d87bf1a694f48435cf332c24af10214a3140b5"
  integrity sha512-oj87CgZICdulUohogVAR7AjlC0327U4el4L6eAvOqCeudMDVU0NThNaV+b9Df4dXgSP1gXMTnPdhfe/2qDH5cg==
  dependencies:
    loose-envify "^1.4.0"
    object-assign "^4.1.1"
    react-is "^16.13.1"

react-confetti-explosion@^2.0.2:
  version "2.0.2"
  resolved "https://registry.yarnpkg.com/react-confetti-explosion/-/react-confetti-explosion-2.0.2.tgz#143a66da06e6dc57b14baba312fa319901c3502e"
  integrity sha512-Ht7bRBeIAJdvsG3eL2d+3rPOUtW+5oylvrhVSPe3mtJPUz2Fg+v1KnHx/vIemrfSuM092Iys2pIOrohM2PkObA==
  dependencies:
    lodash "^4.17.21"
    react-jss "^10.9.2"

react-display-name@^0.2.4:
  version "0.2.5"
  resolved "https://registry.yarnpkg.com/react-display-name/-/react-display-name-0.2.5.tgz#304c7cbfb59ee40389d436e1a822c17fe27936c6"
  integrity sha512-I+vcaK9t4+kypiSgaiVWAipqHRXYmZIuAiS8vzFvXHHXVigg/sMKwlRgLy6LH2i3rmP+0Vzfl5lFsFRwF1r3pg==

react-is@^16.13.1, react-is@^16.7.0:
  version "16.13.1"
  resolved "https://registry.yarnpkg.com/react-is/-/react-is-16.13.1.tgz#789729a4dc36de2999dc156dd6c1d9c18cea56a4"
  integrity sha512-24e6ynE2H+OKt4kqsOvNd8kBpV65zoxbA4BVsEOB3ARVWQki/DHzaUoC5KuON/BiccDaCCTZBuOcfZs70kR8bQ==

react-jss@^10.9.2:
  version "10.10.0"
  resolved "https://registry.yarnpkg.com/react-jss/-/react-jss-10.10.0.tgz#d08ab3257b0eed01e15d6d8275840055c279b0da"
  integrity sha512-WLiq84UYWqNBF6579/uprcIUnM1TSywYq6AIjKTTTG5ziJl9Uy+pwuvpN3apuyVwflMbD60PraeTKT7uWH9XEQ==
  dependencies:
    "@babel/runtime" "^7.3.1"
    "@emotion/is-prop-valid" "^0.7.3"
    css-jss "10.10.0"
    hoist-non-react-statics "^3.2.0"
    is-in-browser "^1.1.3"
    jss "10.10.0"
    jss-preset-default "10.10.0"
    prop-types "^15.6.0"
    shallow-equal "^1.2.0"
    theming "^3.3.0"
    tiny-warning "^1.0.2"

regenerator-runtime@^0.13.11:
  version "0.13.11"
  resolved "https://registry.yarnpkg.com/regenerator-runtime/-/regenerator-runtime-0.13.11.tgz#f6dca3e7ceec20590d07ada785636a90cdca17f9"
  integrity sha512-kY1AZVr2Ra+t+piVaJ4gxaFaReZVH40AKNo7UCX6W+dEwBo/2oZJzqfuN1qLq1oL45o56cPaTXELwrTh8Fpggg==

shallow-equal@^1.2.0:
  version "1.2.1"
  resolved "https://registry.yarnpkg.com/shallow-equal/-/shallow-equal-1.2.1.tgz#4c16abfa56043aa20d050324efa68940b0da79da"
  integrity sha512-S4vJDjHHMBaiZuT9NPb616CSmLf618jawtv3sufLl6ivK8WocjAo58cXwbRV1cgqxH0Qbv+iUt6m05eqEa2IRA==

symbol-observable@^1.2.0:
  version "1.2.0"
  resolved "https://registry.yarnpkg.com/symbol-observable/-/symbol-observable-1.2.0.tgz#c22688aed4eab3cdc2dfeacbb561660560a00804"
  integrity sha512-e900nM8RRtGhlV36KGEU9k65K3mPb1WV70OdjfxlG2EAuM1noi/E/BaW/uMhL7bPEssK8QV57vN3esixjUvcXQ==

theming@^3.3.0:
  version "3.3.0"
  resolved "https://registry.yarnpkg.com/theming/-/theming-3.3.0.tgz#dacabf04aa689edde35f1e1c117ec6de73fbf870"
  integrity sha512-u6l4qTJRDaWZsqa8JugaNt7Xd8PPl9+gonZaIe28vAhqgHMIG/DOyFPqiKN/gQLQYj05tHv+YQdNILL4zoiAVA==
  dependencies:
    hoist-non-react-statics "^3.3.0"
    prop-types "^15.5.8"
    react-display-name "^0.2.4"
    tiny-warning "^1.0.2"

tiny-warning@^1.0.2:
  version "1.0.3"
  resolved "https://registry.yarnpkg.com/tiny-warning/-/tiny-warning-1.0.3.tgz#94a30db453df4c643d0fd566060d60a875d84754"
  integrity sha512-lBN9zLN/oAf68o3zNXYrdCt1kP8WsiGW8Oo2ka41b2IM5JL/S1CTyX1rW0mb/zSuJun0ZUrDxx4sqvYS2FWzPA==
